
Microsoft Visual Studio Solution File, Format Version 12.00
# Visual Studio Version 16
VisualStudioVersion = 16.0.30711.63
MinimumVisualStudioVersion = 10.0.40219.1
Project("{FAE04EC0-301F-11D3-BF4B-00C04F79EFBC}") = "BlazorProjectForTestGit.Server", "Server\BlazorProjectForTestGit.Server.csproj", "{D37F8201-8C07-45CE-8BAA-095A4E9AC5A5}"
EndProject
Project("{FAE04EC0-301F-11D3-BF4B-00C04F79EFBC}") = "BlazorProjectForTestGit.Client", "Client\BlazorProjectForTestGit.Client.csproj", "{012BE762-3954-41D1-BBB0-D3513CE2A94C}"
EndProject
Project("{FAE04EC0-301F-11D3-BF4B-00C04F79EFBC}") = "BlazorProjectForTestGit.Shared", "Shared\BlazorProjectForTestGit.Shared.csproj", "{1833694B-215D-4008-B66A-CA543A2935D0}"
EndProject
Global
	GlobalSection(SolutionConfigurationPlatforms) = preSolution
		Debug|Any CPU = Debug|Any CPU
		Release|Any CPU = Release|Any CPU
	EndGlobalSection
	GlobalSection(ProjectConfigurationPlatforms) = postSolution
		{D37F8201-8C07-45CE-8BAA-095A4E9AC5A5}.Debug|Any CPU.ActiveCfg = Debug|Any CPU
		{D37F8201-8C07-45CE-8BAA-095A4E9AC5A5}.Debug|Any CPU.Build.0 = Debug|Any CPU
		{D37F8201-8C07-45CE-8BAA-095A4E9AC5A5}.Release|Any CPU.ActiveCfg = Release|Any CPU
		{D37F8201-8C07-45CE-8BAA-095A4E9AC5A5}.Release|Any CPU.Build.0 = Release|Any CPU
		{012BE762-3954-41D1-BBB0-D3513CE2A94C}.Debug|Any CPU.ActiveCfg = Debug|Any CPU
		{012BE762-3954-41D1-BBB0-D3513CE2A94C}.Debug|Any CPU.Build.0 = Debug|Any CPU
		{012BE762-3954-41D1-BBB0-D3513CE2A94C}.Release|Any CPU.ActiveCfg = Release|Any CPU
		{012BE762-3954-41D1-BBB0-D3513CE2A94C}.Release|Any CPU.Build.0 = Release|Any CPU
		{1833694B-215D-4008-B66A-CA543A2935D0}.Debug|Any CPU.ActiveCfg = Debug|Any CPU
		{1833694B-215D-4008-B66A-CA543A2935D0}.Debug|Any CPU.Build.0 = Debug|Any CPU
		{1833694B-215D-4008-B66A-CA543A2935D0}.Release|Any CPU.ActiveCfg = Release|Any CPU
		{1833694B-215D-4008-B66A-CA543A2935D0}.Release|Any CPU.Build.0 = Release|Any CPU
	EndGlobalSection
	GlobalSection(SolutionProperties) = preSolution
		HideSolutionNode = FALSE
	EndGlobalSection
	GlobalSection(ExtensibilityGlobals) = postSolution
		SolutionGuid = {3B2E8C4A-F523-4B3E-930A-F5DF70EB112A}
	EndGlobalSection
EndGlobal
